
Microsoft Visual Studio Solution File, Format Version 12.00
# Visual Studio Version 17
VisualStudioVersion = 17.2.32616.157
MinimumVisualStudioVersion = 10.0.40219.1
Project("{9A19103F-16F7-4668-BE54-9A1E7A4F7556}") = "AbstractVirtual", "AbstractVirtual\AbstractVirtual.csproj", "{24E86F09-2A13-436F-992C-E0E1DED9AAE6}"
EndProject
Project("{FAE04EC0-301F-11D3-BF4B-00C04F79EFBC}") = "Model", "Model\Model.csproj", "{CB470921-7BF3-433C-88E5-09B7A59F483B}"
EndProject
Global
	GlobalSection(SolutionConfigurationPlatforms) = preSolution
		Debug|Any CPU = Debug|Any CPU
		Release|Any CPU = Release|Any CPU
	EndGlobalSection
	GlobalSection(ProjectConfigurationPlatforms) = postSolution
		{24E86F09-2A13-436F-992C-E0E1DED9AAE6}.Debug|Any CPU.ActiveCfg = Debug|Any CPU
		{24E86F09-2A13-436F-992C-E0E1DED9AAE6}.Debug|Any CPU.Build.0 = Debug|Any CPU
		{24E86F09-2A13-436F-992C-E0E1DED9AAE6}.Release|Any CPU.ActiveCfg = Release|Any CPU
		{24E86F09-2A13-436F-992C-E0E1DED9AAE6}.Release|Any CPU.Build.0 = Release|Any CPU
		{CB470921-7BF3-433C-88E5-09B7A59F483B}.Debug|Any CPU.ActiveCfg = Debug|Any CPU
		{CB470921-7BF3-433C-88E5-09B7A59F483B}.Debug|Any CPU.Build.0 = Debug|Any CPU
		{CB470921-7BF3-433C-88E5-09B7A59F483B}.Release|Any CPU.ActiveCfg = Release|Any CPU
		{CB470921-7BF3-433C-88E5-09B7A59F483B}.Release|Any CPU.Build.0 = Release|Any CPU
	EndGlobalSection
	GlobalSection(SolutionProperties) = preSolution
		HideSolutionNode = FALSE
	EndGlobalSection
	GlobalSection(ExtensibilityGlobals) = postSolution
		SolutionGuid = {79AD0029-3B2E-4C9A-B7F1-927C428B6982}
	EndGlobalSection
EndGlobal
